// !$*UTF8*$!
{
	archiveVersion = 1;
	classes = {
	};
	objectVersion = 56;
	objects = {

/* Begin PBXBuildFile section */
		BA34A70A2A9073FB006C445F /* RealityKitContent in Frameworks */ = {isa = PBXBuildFile; productRef = BA34A7092A9073FB006C445F /* RealityKitContent */; };
		BA34A70C2A9073FB006C445F /* voclimatespiralApp.swift in Sources */ = {isa = PBXBuildFile; fileRef = BA34A70B2A9073FB006C445F /* voclimatespiralApp.swift */; };
		BA34A70E2A9073FB006C445F /* ContentView.swift in Sources */ = {isa = PBXBuildFile; fileRef = BA34A70D2A9073FB006C445F /* ContentView.swift */; };
		BA34A7122A9073FD006C445F /* Assets.xcassets in Resources */ = {isa = PBXBuildFile; fileRef = BA34A7112A9073FD006C445F /* Assets.xcassets */; };
		BA34A7152A9073FD006C445F /* Preview Assets.xcassets in Resources */ = {isa = PBXBuildFile; fileRef = BA34A7142A9073FD006C445F /* Preview Assets.xcassets */; };
		BA34A7212A908772006C445F /* ModelManager.swift in Sources */ = {isa = PBXBuildFile; fileRef = BA34A7202A908772006C445F /* ModelManager.swift */; };
		BA34A7232A9088DE006C445F /* SpiralModel.swift in Sources */ = {isa = PBXBuildFile; fileRef = BA34A7222A9088DE006C445F /* SpiralModel.swift */; };
		BA34A7262A9094C3006C445F /* ClimateModel.swift in Sources */ = {isa = PBXBuildFile; fileRef = BA34A7252A9094C3006C445F /* ClimateModel.swift */; };
		BAEA49842A90AA2A00420E3A /* SpiralAnimationComponent.swift in Sources */ = {isa = PBXBuildFile; fileRef = BAEA49832A90AA2A00420E3A /* SpiralAnimationComponent.swift */; };
		BAEA49862A90C49400420E3A /* WebpageView.swift in Sources */ = {isa = PBXBuildFile; fileRef = BAEA49852A90C49400420E3A /* WebpageView.swift */; };
/* End PBXBuildFile section */

/* Begin PBXFileReference section */
		BA34A7042A9073FB006C445F /* voclimatespiral.app */ = {isa = PBXFileReference; explicitFileType = wrapper.application; includeInIndex = 0; path = voclimatespiral.app; sourceTree = BUILT_PRODUCTS_DIR; };
		BA34A7082A9073FB006C445F /* RealityKitContent */ = {isa = PBXFileReference; lastKnownFileType = wrapper; path = RealityKitContent; sourceTree = "<group>"; };
		BA34A70B2A9073FB006C445F /* voclimatespiralApp.swift */ = {isa = PBXFileReference; lastKnownFileType = sourcecode.swift; path = voclimatespiralApp.swift; sourceTree = "<group>"; };
		BA34A70D2A9073FB006C445F /* ContentView.swift */ = {isa = PBXFileReference; lastKnownFileType = sourcecode.swift; path = ContentView.swift; sourceTree = "<group>"; };
		BA34A7112A9073FD006C445F /* Assets.xcassets */ = {isa = PBXFileReference; lastKnownFileType = folder.assetcatalog; path = Assets.xcassets; sourceTree = "<group>"; };
		BA34A7142A9073FD006C445F /* Preview Assets.xcassets */ = {isa = PBXFileReference; lastKnownFileType = folder.assetcatalog; path = "Preview Assets.xcassets"; sourceTree = "<group>"; };
		BA34A7162A9073FD006C445F /* Info.plist */ = {isa = PBXFileReference; lastKnownFileType = text.plist.xml; path = Info.plist; sourceTree = "<group>"; };
		BA34A7202A908772006C445F /* ModelManager.swift */ = {isa = PBXFileReference; lastKnownFileType = sourcecode.swift; path = ModelManager.swift; sourceTree = "<group>"; };
		BA34A7222A9088DE006C445F /* SpiralModel.swift */ = {isa = PBXFileReference; lastKnownFileType = sourcecode.swift; path = SpiralModel.swift; sourceTree = "<group>"; };
		BA34A7252A9094C3006C445F /* ClimateModel.swift */ = {isa = PBXFileReference; lastKnownFileType = sourcecode.swift; path = ClimateModel.swift; sourceTree = "<group>"; };
		BABA87D22A91AE2900DF031C /* README.md */ = {isa = PBXFileReference; lastKnownFileType = net.daringfireball.markdown; path = README.md; sourceTree = "<group>"; };
		BAEA49832A90AA2A00420E3A /* SpiralAnimationComponent.swift */ = {isa = PBXFileReference; lastKnownFileType = sourcecode.swift; path = SpiralAnimationComponent.swift; sourceTree = "<group>"; };
		BAEA49852A90C49400420E3A /* WebpageView.swift */ = {isa = PBXFileReference; lastKnownFileType = sourcecode.swift; path = WebpageView.swift; sourceTree = "<group>"; };
/* End PBXFileReference section */

/* Begin PBXFrameworksBuildPhase section */
		BA34A7012A9073FB006C445F /* Frameworks */ = {
			isa = PBXFrameworksBuildPhase;
			buildActionMask = 2147483647;
			files = (
				BA34A70A2A9073FB006C445F /* RealityKitContent in Frameworks */,
			);
			runOnlyForDeploymentPostprocessing = 0;
		};
/* End PBXFrameworksBuildPhase section */

/* Begin PBXGroup section */
		BA34A6FB2A9073FB006C445F = {
			isa = PBXGroup;
			children = (
				BABA87D22A91AE2900DF031C /* README.md */,
				BA34A7062A9073FB006C445F /* voclimatespiral */,
				BA34A7072A9073FB006C445F /* Packages */,
				BA34A7052A9073FB006C445F /* Products */,
			);
			sourceTree = "<group>";
		};
		BA34A7052A9073FB006C445F /* Products */ = {
			isa = PBXGroup;
			children = (
				BA34A7042A9073FB006C445F /* voclimatespiral.app */,
			);
			name = Products;
			sourceTree = "<group>";
		};
		BA34A7062A9073FB006C445F /* voclimatespiral */ = {
			isa = PBXGroup;
			children = (
				BA34A71D2A90802F006C445F /* App */,
				BA34A71E2A908042006C445F /* Views */,
				BA34A71F2A908345006C445F /* RKModel */,
				BA34A7242A909332006C445F /* Model */,
				BA34A7112A9073FD006C445F /* Assets.xcassets */,
				BA34A7162A9073FD006C445F /* Info.plist */,
				BA34A7132A9073FD006C445F /* Preview Content */,
			);
			path = voclimatespiral;
			sourceTree = "<group>";
		};
		BA34A7072A9073FB006C445F /* Packages */ = {
			isa = PBXGroup;
			children = (
				BA34A7082A9073FB006C445F /* RealityKitContent */,
			);
			path = Packages;
			sourceTree = "<group>";
		};
		BA34A7132A9073FD006C445F /* Preview Content */ = {
			isa = PBXGroup;
			children = (
				BA34A7142A9073FD006C445F /* Preview Assets.xcassets */,
			);
			path = "Preview Content";
			sourceTree = "<group>";
		};
		BA34A71D2A90802F006C445F /* App */ = {
			isa = PBXGroup;
			children = (
				BA34A70B2A9073FB006C445F /* voclimatespiralApp.swift */,
			);
			path = App;
			sourceTree = "<group>";
		};
		BA34A71E2A908042006C445F /* Views */ = {
			isa = PBXGroup;
			children = (
				BA34A70D2A9073FB006C445F /* ContentView.swift */,
				BAEA49852A90C49400420E3A /* WebpageView.swift */,
			);
			path = Views;
			sourceTree = "<group>";
		};
		BA34A71F2A908345006C445F /* RKModel */ = {
			isa = PBXGroup;
			children = (
				BA34A7202A908772006C445F /* ModelManager.swift */,
				BA34A7222A9088DE006C445F /* SpiralModel.swift */,
				BAEA49832A90AA2A00420E3A /* SpiralAnimationComponent.swift */,
			);
			path = RKModel;
			sourceTree = "<group>";
		};
		BA34A7242A909332006C445F /* Model */ = {
			isa = PBXGroup;
			children = (
				BA34A7252A9094C3006C445F /* ClimateModel.swift */,
			);
			path = Model;
			sourceTree = "<group>";
		};
/* End PBXGroup section */

/* Begin PBXNativeTarget section */
		BA34A7032A9073FB006C445F /* voclimatespiral */ = {
			isa = PBXNativeTarget;
			buildConfigurationList = BA34A7192A9073FD006C445F /* Build configuration list for PBXNativeTarget "voclimatespiral" */;
			buildPhases = (
				BA34A7002A9073FB006C445F /* Sources */,
				BA34A7012A9073FB006C445F /* Frameworks */,
				BA34A7022A9073FB006C445F /* Resources */,
				BA34A71C2A90745C006C445F /* ShellScript */,
			);
			buildRules = (
			);
			dependencies = (
			);
			name = voclimatespiral;
			packageProductDependencies = (
				BA34A7092A9073FB006C445F /* RealityKitContent */,
			);
			productName = voclimatespiral;
			productReference = BA34A7042A9073FB006C445F /* voclimatespiral.app */;
			productType = "com.apple.product-type.application";
		};
/* End PBXNativeTarget section */

/* Begin PBXProject section */
		BA34A6FC2A9073FB006C445F /* Project object */ = {
			isa = PBXProject;
			attributes = {
				BuildIndependentTargetsInParallel = 1;
				LastSwiftUpdateCheck = 1500;
				LastUpgradeCheck = 1500;
				TargetAttributes = {
					BA34A7032A9073FB006C445F = {
						CreatedOnToolsVersion = 15.0;
					};
				};
			};
			buildConfigurationList = BA34A6FF2A9073FB006C445F /* Build configuration list for PBXProject "voclimatespiral" */;
			compatibilityVersion = "Xcode 14.0";
			developmentRegion = en;
			hasScannedForEncodings = 0;
			knownRegions = (
				en,
				Base,
			);
			mainGroup = BA34A6FB2A9073FB006C445F;
			productRefGroup = BA34A7052A9073FB006C445F /* Products */;
			projectDirPath = "";
			projectRoot = "";
			targets = (
				BA34A7032A9073FB006C445F /* voclimatespiral */,
			);
		};
/* End PBXProject section */

/* Begin PBXResourcesBuildPhase section */
		BA34A7022A9073FB006C445F /* Resources */ = {
			isa = PBXResourcesBuildPhase;
			buildActionMask = 2147483647;
			files = (
				BA34A7152A9073FD006C445F /* Preview Assets.xcassets in Resources */,
				BA34A7122A9073FD006C445F /* Assets.xcassets in Resources */,
			);
			runOnlyForDeploymentPostprocessing = 0;
		};
/* End PBXResourcesBuildPhase section */

/* Begin PBXShellScriptBuildPhase section */
		BA34A71C2A90745C006C445F /* ShellScript */ = {
			isa = PBXShellScriptBuildPhase;
			alwaysOutOfDate = 1;
			buildActionMask = 2147483647;
			files = (
			);
			inputFileListPaths = (
			);
			inputPaths = (
			);
			outputFileListPaths = (
			);
			outputPaths = (
			);
			runOnlyForDeploymentPostprocessing = 0;
			shellPath = /bin/sh;
			shellScript = "if [[ \"$(uname -m)\" == arm64 ]]; then\n    export PATH=\"/opt/homebrew/bin:$PATH\"\nfi\n\nif which swiftlint >/dev/null; then\n  swiftlint\nelse\n  echo \"warning: SwiftLint not installed.\"\nfi\n";
		};
/* End PBXShellScriptBuildPhase section */

/* Begin PBXSourcesBuildPhase section */
		BA34A7002A9073FB006C445F /* Sources */ = {
			isa = PBXSourcesBuildPhase;
			buildActionMask = 2147483647;
			files = (
				BAEA49842A90AA2A00420E3A /* SpiralAnimationComponent.swift in Sources */,
				BAEA49862A90C49400420E3A /* WebpageView.swift in Sources */,
				BA34A70E2A9073FB006C445F /* ContentView.swift in Sources */,
				BA34A7232A9088DE006C445F /* SpiralModel.swift in Sources */,
				BA34A7212A908772006C445F /* ModelManager.swift in Sources */,
				BA34A7262A9094C3006C445F /* ClimateModel.swift in Sources */,
				BA34A70C2A9073FB006C445F /* voclimatespiralApp.swift in Sources */,
			);
			runOnlyForDeploymentPostprocessing = 0;
		};
/* End PBXSourcesBuildPhase section */

/* Begin XCBuildConfiguration section */
		BA34A7172A9073FD006C445F /* Debug */ = {
			isa = XCBuildConfiguration;
			buildSettings = {
				ALWAYS_SEARCH_USER_PATHS = NO;
				ASSETCATALOG_COMPILER_GENERATE_SWIFT_ASSET_SYMBOL_EXTENSIONS = YES;
				CLANG_ANALYZER_NONNULL = YES;
				CLANG_ANALYZER_NUMBER_OBJECT_CONVERSION = YES_AGGRESSIVE;
				CLANG_CXX_LANGUAGE_STANDARD = "gnu++20";
				CLANG_ENABLE_MODULES = YES;
				CLANG_ENABLE_OBJC_ARC = YES;
				CLANG_ENABLE_OBJC_WEAK = YES;
				CLANG_WARN_BLOCK_CAPTURE_AUTORELEASING = YES;
				CLANG_WARN_BOOL_CONVERSION = YES;
				CLANG_WARN_COMMA = YES;
				CLANG_WARN_CONSTANT_CONVERSION = YES;
				CLANG_WARN_DEPRECATED_OBJC_IMPLEMENTATIONS = YES;
				CLANG_WARN_DIRECT_OBJC_ISA_USAGE = YES_ERROR;
				CLANG_WARN_DOCUMENTATION_COMMENTS = YES;
				CLANG_WARN_EMPTY_BODY = YES;
				CLANG_WARN_ENUM_CONVERSION = YES;
				CLANG_WARN_INFINITE_RECURSION = YES;
				CLANG_WARN_INT_CONVERSION = YES;
				CLANG_WARN_NON_LITERAL_NULL_CONVERSION = YES;
				CLANG_WARN_OBJC_IMPLICIT_RETAIN_SELF = YES;
				CLANG_WARN_OBJC_LITERAL_CONVERSION = YES;
				CLANG_WARN_OBJC_ROOT_CLASS = YES_ERROR;
				CLANG_WARN_QUOTED_INCLUDE_IN_FRAMEWORK_HEADER = YES;
				CLANG_WARN_RANGE_LOOP_ANALYSIS = YES;
				CLANG_WARN_STRICT_PROTOTYPES = YES;
				CLANG_WARN_SUSPICIOUS_MOVE = YES;
				CLANG_WARN_UNGUARDED_AVAILABILITY = YES_AGGRESSIVE;
				CLANG_WARN_UNREACHABLE_CODE = YES;
				CLANG_WARN__DUPLICATE_METHOD_MATCH = YES;
				COPY_PHASE_STRIP = NO;
				DEBUG_INFORMATION_FORMAT = dwarf;
				ENABLE_STRICT_OBJC_MSGSEND = YES;
				ENABLE_TESTABILITY = YES;
				ENABLE_USER_SCRIPT_SANDBOXING = YES;
				GCC_C_LANGUAGE_STANDARD = gnu17;
				GCC_DYNAMIC_NO_PIC = NO;
				GCC_NO_COMMON_BLOCKS = YES;
				GCC_OPTIMIZATION_LEVEL = 0;
				GCC_PREPROCESSOR_DEFINITIONS = (
					"DEBUG=1",
					"$(inherited)",
				);
				GCC_WARN_64_TO_32_BIT_CONVERSION = YES;
				GCC_WARN_ABOUT_RETURN_TYPE = YES_ERROR;
				GCC_WARN_UNDECLARED_SELECTOR = YES;
				GCC_WARN_UNINITIALIZED_AUTOS = YES_AGGRESSIVE;
				GCC_WARN_UNUSED_FUNCTION = YES;
				GCC_WARN_UNUSED_VARIABLE = YES;
				LOCALIZATION_PREFERS_STRING_CATALOGS = YES;
				MTL_ENABLE_DEBUG_INFO = INCLUDE_SOURCE;
				MTL_FAST_MATH = YES;
				ONLY_ACTIVE_ARCH = YES;
				SDKROOT = xros;
				SWIFT_ACTIVE_COMPILATION_CONDITIONS = "DEBUG $(inherited)";
				SWIFT_OPTIMIZATION_LEVEL = "-Onone";
				XROS_DEPLOYMENT_TARGET = 1.0;
			};
			name = Debug;
		};
		BA34A7182A9073FD006C445F /* Release */ = {
			isa = XCBuildConfiguration;
			buildSettings = {
				ALWAYS_SEARCH_USER_PATHS = NO;
				ASSETCATALOG_COMPILER_GENERATE_SWIFT_ASSET_SYMBOL_EXTENSIONS = YES;
				CLANG_ANALYZER_NONNULL = YES;
				CLANG_ANALYZER_NUMBER_OBJECT_CONVERSION = YES_AGGRESSIVE;
				CLANG_CXX_LANGUAGE_STANDARD = "gnu++20";
				CLANG_ENABLE_MODULES = YES;
				CLANG_ENABLE_OBJC_ARC = YES;
				CLANG_ENABLE_OBJC_WEAK = YES;
				CLANG_WARN_BLOCK_CAPTURE_AUTORELEASING = YES;
				CLANG_WARN_BOOL_CONVERSION = YES;
				CLANG_WARN_COMMA = YES;
				CLANG_WARN_CONSTANT_CONVERSION = YES;
				CLANG_WARN_DEPRECATED_OBJC_IMPLEMENTATIONS = YES;
				CLANG_WARN_DIRECT_OBJC_ISA_USAGE = YES_ERROR;
				CLANG_WARN_DOCUMENTATION_COMMENTS = YES;
				CLANG_WARN_EMPTY_BODY = YES;
				CLANG_WARN_ENUM_CONVERSION = YES;
				CLANG_WARN_INFINITE_RECURSION = YES;
				CLANG_WARN_INT_CONVERSION = YES;
				CLANG_WARN_NON_LITERAL_NULL_CONVERSION = YES;
				CLANG_WARN_OBJC_IMPLICIT_RETAIN_SELF = YES;
				CLANG_WARN_OBJC_LITERAL_CONVERSION = YES;
				CLANG_WARN_OBJC_ROOT_CLASS = YES_ERROR;
				CLANG_WARN_QUOTED_INCLUDE_IN_FRAMEWORK_HEADER = YES;
				CLANG_WARN_RANGE_LOOP_ANALYSIS = YES;
				CLANG_WARN_STRICT_PROTOTYPES = YES;
				CLANG_WARN_SUSPICIOUS_MOVE = YES;
				CLANG_WARN_UNGUARDED_AVAILABILITY = YES_AGGRESSIVE;
				CLANG_WARN_UNREACHABLE_CODE = YES;
				CLANG_WARN__DUPLICATE_METHOD_MATCH = YES;
				COPY_PHASE_STRIP = NO;
				DEBUG_INFORMATION_FORMAT = "dwarf-with-dsym";
				ENABLE_NS_ASSERTIONS = NO;
				ENABLE_STRICT_OBJC_MSGSEND = YES;
				ENABLE_USER_SCRIPT_SANDBOXING = YES;
				GCC_C_LANGUAGE_STANDARD = gnu17;
				GCC_NO_COMMON_BLOCKS = YES;
				GCC_WARN_64_TO_32_BIT_CONVERSION = YES;
				GCC_WARN_ABOUT_RETURN_TYPE = YES_ERROR;
				GCC_WARN_UNDECLARED_SELECTOR = YES;
				GCC_WARN_UNINITIALIZED_AUTOS = YES_AGGRESSIVE;
				GCC_WARN_UNUSED_FUNCTION = YES;
				GCC_WARN_UNUSED_VARIABLE = YES;
				LOCALIZATION_PREFERS_STRING_CATALOGS = YES;
				MTL_ENABLE_DEBUG_INFO = NO;
				MTL_FAST_MATH = YES;
				SDKROOT = xros;
				SWIFT_COMPILATION_MODE = wholemodule;
				VALIDATE_PRODUCT = YES;
				XROS_DEPLOYMENT_TARGET = 1.0;
			};
			name = Release;
		};
		BA34A71A2A9073FD006C445F /* Debug */ = {
			isa = XCBuildConfiguration;
			buildSettings = {
				ASSETCATALOG_COMPILER_APPICON_NAME = AppIcon;
				ASSETCATALOG_COMPILER_GLOBAL_ACCENT_COLOR_NAME = AccentColor;
				CODE_SIGN_STYLE = Automatic;
				CURRENT_PROJECT_VERSION = 1;
				DEVELOPMENT_ASSET_PATHS = "\"voclimatespiral/Preview Content\"";
				DEVELOPMENT_TEAM = J5CY9Q9UP5;
				ENABLE_PREVIEWS = YES;
				ENABLE_USER_SCRIPT_SANDBOXING = NO;
				GENERATE_INFOPLIST_FILE = YES;
				INFOPLIST_FILE = voclimatespiral/Info.plist;
				INFOPLIST_KEY_CFBundleDisplayName = "Climate Spiral VO";
				INFOPLIST_KEY_LSApplicationCategoryType = "public.app-category.education";
				INFOPLIST_KEY_UIApplicationSceneManifest_Generation = YES;
				LD_RUNPATH_SEARCH_PATHS = (
					"$(inherited)",
					"@executable_path/Frameworks",
				);
				MARKETING_VERSION = 1.0;
				PRODUCT_BUNDLE_IDENTIFIER = com.atarayosd.voclimatespiral;
				PRODUCT_NAME = "$(TARGET_NAME)";
				SUPPORTED_PLATFORMS = "xros xrsimulator";
				SWIFT_EMIT_LOC_STRINGS = YES;
				SWIFT_VERSION = 5.0;
				TARGETED_DEVICE_FAMILY = "1,2,7";
			};
			name = Debug;
		};
		BA34A71B2A9073FD006C445F /* Release */ = {
			isa = XCBuildConfiguration;
			buildSettings = {
				ASSETCATALOG_COMPILER_APPICON_NAME = AppIcon;
				ASSETCATALOG_COMPILER_GLOBAL_ACCENT_COLOR_NAME = AccentColor;
				CODE_SIGN_STYLE = Automatic;
				CURRENT_PROJECT_VERSION = 1;
				DEVELOPMENT_ASSET_PATHS = "\"voclimatespiral/Preview Content\"";
				DEVELOPMENT_TEAM = J5CY9Q9UP5;
				ENABLE_PREVIEWS = YES;
				ENABLE_USER_SCRIPT_SANDBOXING = NO;
				GENERATE_INFOPLIST_FILE = YES;
				INFOPLIST_FILE = voclimatespiral/Info.plist;
				INFOPLIST_KEY_CFBundleDisplayName = "Climate Spiral VO";
				INFOPLIST_KEY_LSApplicationCategoryType = "public.app-category.education";
				INFOPLIST_KEY_UIApplicationSceneManifest_Generation = YES;
				LD_RUNPATH_SEARCH_PATHS = (
					"$(inherited)",
					"@executable_path/Frameworks",
				);
				MARKETING_VERSION = 1.0;
				PRODUCT_BUNDLE_IDENTIFIER = com.atarayosd.voclimatespiral;
				PRODUCT_NAME = "$(TARGET_NAME)";
				SUPPORTED_PLATFORMS = "xros xrsimulator";
				SWIFT_EMIT_LOC_STRINGS = YES;
				SWIFT_VERSION = 5.0;
				TARGETED_DEVICE_FAMILY = "1,2,7";
			};
			name = Release;
		};
/* End XCBuildConfiguration section */

/* Begin XCConfigurationList section */
		BA34A6FF2A9073FB006C445F /* Build configuration list for PBXProject "voclimatespiral" */ = {
			isa = XCConfigurationList;
			buildConfigurations = (
				BA34A7172A9073FD006C445F /* Debug */,
				BA34A7182A9073FD006C445F /* Release */,
			);
			defaultConfigurationIsVisible = 0;
			defaultConfigurationName = Release;
		};
		BA34A7192A9073FD006C445F /* Build configuration list for PBXNativeTarget "voclimatespiral" */ = {
			isa = XCConfigurationList;
			buildConfigurations = (
				BA34A71A2A9073FD006C445F /* Debug */,
				BA34A71B2A9073FD006C445F /* Release */,
			);
			defaultConfigurationIsVisible = 0;
			defaultConfigurationName = Release;
		};
/* End XCConfigurationList section */

/* Begin XCSwiftPackageProductDependency section */
		BA34A7092A9073FB006C445F /* RealityKitContent */ = {
			isa = XCSwiftPackageProductDependency;
			productName = RealityKitContent;
		};
/* End XCSwiftPackageProductDependency section */
	};
	rootObject = BA34A6FC2A9073FB006C445F /* Project object */;
}
